
Microsoft Visual Studio Solution File, Format Version 12.00
# Visual Studio Version 17
VisualStudioVersion = 17.13.35825.156
MinimumVisualStudioVersion = 10.0.40219.1
Project("{FAE04EC0-301F-11D3-BF4B-00C04F79EFBC}") = "GrpcService", "GrpcService\GrpcService.csproj", "{79FD2F73-05E1-41F3-9639-5915325932BF}"
EndProject
Project("{FAE04EC0-301F-11D3-BF4B-00C04F79EFBC}") = "GrpcService.Tests", "GrpcService.Tests\GrpcService.Tests.csproj", "{CAA9754E-E6F2-4765-AC4A-1ED4691FEC81}"
EndProject
Project("{2150E333-8FDC-42A3-9474-1A3956D46DE8}") = "Solution Items", "Solution Items", "{8EC462FD-D22E-90A8-E5CE-7E832BA40C5D}"
	ProjectSection(SolutionItems) = preProject
		.gitignore = .gitignore
	EndProjectSection
EndProject
Global
	GlobalSection(SolutionConfigurationPlatforms) = preSolution
		Debug|Any CPU = Debug|Any CPU
		Release|Any CPU = Release|Any CPU
	EndGlobalSection
	GlobalSection(ProjectConfigurationPlatforms) = postSolution
		{79FD2F73-05E1-41F3-9639-5915325932BF}.Debug|Any CPU.ActiveCfg = Debug|Any CPU
		{79FD2F73-05E1-41F3-9639-5915325932BF}.Debug|Any CPU.Build.0 = Debug|Any CPU
		{79FD2F73-05E1-41F3-9639-5915325932BF}.Release|Any CPU.ActiveCfg = Release|Any CPU
		{79FD2F73-05E1-41F3-9639-5915325932BF}.Release|Any CPU.Build.0 = Release|Any CPU
		{CAA9754E-E6F2-4765-AC4A-1ED4691FEC81}.Debug|Any CPU.ActiveCfg = Debug|Any CPU
		{CAA9754E-E6F2-4765-AC4A-1ED4691FEC81}.Debug|Any CPU.Build.0 = Debug|Any CPU
		{CAA9754E-E6F2-4765-AC4A-1ED4691FEC81}.Release|Any CPU.ActiveCfg = Release|Any CPU
		{CAA9754E-E6F2-4765-AC4A-1ED4691FEC81}.Release|Any CPU.Build.0 = Release|Any CPU
	EndGlobalSection
	GlobalSection(SolutionProperties) = preSolution
		HideSolutionNode = FALSE
	EndGlobalSection
	GlobalSection(ExtensibilityGlobals) = postSolution
		SolutionGuid = {9E838B91-5A0C-4293-A882-2D81700B1C84}
	EndGlobalSection
EndGlobal
